{
  "lockfileVersion": 1,
  "configVersion": 0,
  "workspaces": {
    "": {
      "name": "automerge-cloudflare",
      "devDependencies": {
        "@types/bun": "latest",
        "@typescript/native-preview": "^7.0.0-dev.20260317.1",
      },
      "peerDependencies": {
        "typescript": "^5",
      },
    },
    "packages/automerge-cloudflare": {
      "name": "@just-be/automerge-cloudflare",
      "version": "0.0.1",
      "dependencies": {
        "@automerge/automerge-repo": "*",
      },
      "devDependencies": {
        "@cloudflare/workers-types": "*",
      },
    },
  },
  "packages": {
    "@automerge/automerge": ["@automerge/automerge@3.2.4", "", {}, "sha512-/IAShHSxme5d4ZK0Vs4A0P+tGaR/bSz6KtIJSCIPfwilCxsIqfRHAoNjmsXip6TGouadmbuw3WfLop6cal8pPQ=="],

    "@automerge/automerge-repo": ["@automerge/automerge-repo@2.5.4", "", { "dependencies": { "@automerge/automerge": "2.2.8 - 3", "bs58check": "^3.0.1", "cbor-x": "^1.3.0", "debug": "^4.3.4", "eventemitter3": "^5.0.1", "fast-sha256": "^1.3.0", "uuid": "^9.0.0", "xstate": "^5.9.1" } }, "sha512-+QDFxcyQN1UimePMlcHs1RI/bIwl0VmngHFWz1poVF6MbJLqNvi5T+fHTU1zkf9zcmb15/I76s8WEj0/8EE+/g=="],

    "@cbor-extract/cbor-extract-darwin-arm64": ["@cbor-extract/cbor-extract-darwin-arm64@2.2.2", "", { "os": "darwin", "cpu": "arm64" }, "sha512-ZKZ/F8US7JR92J4DMct6cLW/Y66o2K576+zjlEN/MevH70bFIsB10wkZEQPLzl2oNh2SMGy55xpJ9JoBRl5DOA=="],

    "@cbor-extract/cbor-extract-darwin-x64": ["@cbor-extract/cbor-extract-darwin-x64@2.2.2", "", { "os": "darwin", "cpu": "x64" }, "sha512-32b1mgc+P61Js+KW9VZv/c+xRw5EfmOcPx990JbCBSkYJFY0l25VinvyyWfl+3KjibQmAcYwmyzKF9J4DyKP/Q=="],

    "@cbor-extract/cbor-extract-linux-arm": ["@cbor-extract/cbor-extract-linux-arm@2.2.2", "", { "os": "linux", "cpu": "arm" }, "sha512-tNg0za41TpQfkhWjptD+0gSD2fggMiDCSacuIeELyb2xZhr7PrhPe5h66Jc67B/5dmpIhI2QOUtv4SBsricyYQ=="],

    "@cbor-extract/cbor-extract-linux-arm64": ["@cbor-extract/cbor-extract-linux-arm64@2.2.2", "", { "os": "linux", "cpu": "arm64" }, "sha512-wfqgzqCAy/Vn8i6WVIh7qZd0DdBFaWBjPdB6ma+Wihcjv0gHqD/mw3ouVv7kbbUNrab6dKEx/w3xQZEdeXIlzg=="],

    "@cbor-extract/cbor-extract-linux-x64": ["@cbor-extract/cbor-extract-linux-x64@2.2.2", "", { "os": "linux", "cpu": "x64" }, "sha512-rpiLnVEsqtPJ+mXTdx1rfz4RtUGYIUg2rUAZgd1KjiC1SehYUSkJN7Yh+aVfSjvCGtVP0/bfkQkXpPXKbmSUaA=="],

    "@cbor-extract/cbor-extract-win32-x64": ["@cbor-extract/cbor-extract-win32-x64@2.2.2", "", { "os": "win32", "cpu": "x64" }, "sha512-dI+9P7cfWxkTQ+oE+7Aa6onEn92PHgfWXZivjNheCRmTBDBf2fx6RyTi0cmgpYLnD1KLZK9ZYrMxaPZ4oiXhGA=="],

    "@cloudflare/workers-types": ["@cloudflare/workers-types@4.20260317.1", "", {}, "sha512-+G4eVwyCpm8Au1ex8vQBCuA9wnwqetz4tPNRoB/53qvktERWBRMQnrtvC1k584yRE3emMThtuY0gWshvSJ++PQ=="],

    "@just-be/automerge-cloudflare": ["@just-be/automerge-cloudflare@workspace:packages/automerge-cloudflare"],

    "@noble/hashes": ["@noble/hashes@1.8.0", "", {}, "sha512-jCs9ldd7NwzpgXDIf6P3+NrHh9/sD6CQdxHyjQI+h/6rDNo88ypBxxz45UDuZHz9r3tNz7N/VInSVoVdtXEI4A=="],

    "@types/bun": ["@types/bun@1.3.10", "", { "dependencies": { "bun-types": "1.3.10" } }, "sha512-0+rlrUrOrTSskibryHbvQkDOWRJwJZqZlxrUs1u4oOoTln8+WIXBPmAuCF35SWB2z4Zl3E84Nl/D0P7803nigQ=="],

    "@types/node": ["@types/node@25.5.0", "", { "dependencies": { "undici-types": "~7.18.0" } }, "sha512-jp2P3tQMSxWugkCUKLRPVUpGaL5MVFwF8RDuSRztfwgN1wmqJeMSbKlnEtQqU8UrhTmzEmZdu2I6v2dpp7XIxw=="],

    "@typescript/native-preview": ["@typescript/native-preview@7.0.0-dev.20260317.1", "", { "optionalDependencies": { "@typescript/native-preview-darwin-arm64": "7.0.0-dev.20260317.1", "@typescript/native-preview-darwin-x64": "7.0.0-dev.20260317.1", "@typescript/native-preview-linux-arm": "7.0.0-dev.20260317.1", "@typescript/native-preview-linux-arm64": "7.0.0-dev.20260317.1", "@typescript/native-preview-linux-x64": "7.0.0-dev.20260317.1", "@typescript/native-preview-win32-arm64": "7.0.0-dev.20260317.1", "@typescript/native-preview-win32-x64": "7.0.0-dev.20260317.1" }, "bin": { "tsgo": "bin/tsgo.js" } }, "sha512-HmYNuhDoN9OHfsSHuSRvYJobHAHDVubLvSGSrjfNL6C34fVlPkPDi+iA53LcN1pVX5J30kajcKC7Snm13xmuKA=="],

    "@typescript/native-preview-darwin-arm64": ["@typescript/native-preview-darwin-arm64@7.0.0-dev.20260317.1", "", { "os": "darwin", "cpu": "arm64" }, "sha512-E63cwlaAKeOXGcSaTcuVKdfGQJoms/vSMZH8lYsvxU6el3X96LdbXVcAIqbqwDfPJt7rQ6gw/OOGO45BlTlxSw=="],

    "@typescript/native-preview-darwin-x64": ["@typescript/native-preview-darwin-x64@7.0.0-dev.20260317.1", "", { "os": "darwin", "cpu": "x64" }, "sha512-cy9kmUiwJmANoz1tOc22HYXqyz92tvNrI9eP/q8LAa5LGega5OlTqAbuSiEc4C9OUL/4EvCJuIYmOk5PFME0tQ=="],

    "@typescript/native-preview-linux-arm": ["@typescript/native-preview-linux-arm@7.0.0-dev.20260317.1", "", { "os": "linux", "cpu": "arm" }, "sha512-Q6vKYOej5FoPfYzvNsUdeE4GWWKxUg9wzo2fJxgV50ZQeITEDvSpG1PxS1019kFbe3KSAoIIzSmhP/4EIie7Kg=="],

    "@typescript/native-preview-linux-arm64": ["@typescript/native-preview-linux-arm64@7.0.0-dev.20260317.1", "", { "os": "linux", "cpu": "arm64" }, "sha512-YeRI5O4z5H7JgBCb2tTaZSEEEpojjBxac5DQ1NEm3wwjSSWhHadCaq/mDLq8yWDQo9JK0Yuj3Vb0NK3/P7F9Sw=="],

    "@typescript/native-preview-linux-x64": ["@typescript/native-preview-linux-x64@7.0.0-dev.20260317.1", "", { "os": "linux", "cpu": "x64" }, "sha512-PJN4JbWrVeJ8WyWbRWVdyUHUUSL9zKqywwroXdqIDgxUO2B09bSUCCs9DFJNHXQ5NqWND/WeVPgpYfnQ95S21Q=="],

    "@typescript/native-preview-win32-arm64": ["@typescript/native-preview-win32-arm64@7.0.0-dev.20260317.1", "", { "os": "win32", "cpu": "arm64" }, "sha512-Obv+ZTK0NVfv1E/KlTz7G5EyPbE8zNA1qeT59CyoWHl0Mi2iq3njs5dRIfcRbgGDZkSI8wJ+4C4JGfUyZZGZkA=="],

    "@typescript/native-preview-win32-x64": ["@typescript/native-preview-win32-x64@7.0.0-dev.20260317.1", "", { "os": "win32", "cpu": "x64" }, "sha512-Trt8E1nphVXaicVcXpsyiVArT6Zf+blhqGP/MPx9YEBlp1nuzxFpu1kj7A75r+6js4vIdoKieK215Q4J358qUw=="],

    "base-x": ["base-x@4.0.1", "", {}, "sha512-uAZ8x6r6S3aUM9rbHGVOIsR15U/ZSc82b3ymnCPsT45Gk1DDvhDPdIgB5MrhirZWt+5K0EEPQH985kNqZgNPFw=="],

    "bs58": ["bs58@5.0.0", "", { "dependencies": { "base-x": "^4.0.0" } }, "sha512-r+ihvQJvahgYT50JD05dyJNKlmmSlMoOGwn1lCcEzanPglg7TxYjioQUYehQ9mAR/+hOSd2jRc/Z2y5UxBymvQ=="],

    "bs58check": ["bs58check@3.0.1", "", { "dependencies": { "@noble/hashes": "^1.2.0", "bs58": "^5.0.0" } }, "sha512-hjuuJvoWEybo7Hn/0xOrczQKKEKD63WguEjlhLExYs2wUBcebDC1jDNK17eEAD2lYfw82d5ASC1d7K3SWszjaQ=="],

    "bun-types": ["bun-types@1.3.10", "", { "dependencies": { "@types/node": "*" } }, "sha512-tcpfCCl6XWo6nCVnpcVrxQ+9AYN1iqMIzgrSKYMB/fjLtV2eyAVEg7AxQJuCq/26R6HpKWykQXuSOq/21RYcbg=="],

    "cbor-extract": ["cbor-extract@2.2.2", "", { "dependencies": { "node-gyp-build-optional-packages": "5.1.1" }, "optionalDependencies": { "@cbor-extract/cbor-extract-darwin-arm64": "2.2.2", "@cbor-extract/cbor-extract-darwin-x64": "2.2.2", "@cbor-extract/cbor-extract-linux-arm": "2.2.2", "@cbor-extract/cbor-extract-linux-arm64": "2.2.2", "@cbor-extract/cbor-extract-linux-x64": "2.2.2", "@cbor-extract/cbor-extract-win32-x64": "2.2.2" }, "bin": { "download-cbor-prebuilds": "bin/download-prebuilds.js" } }, "sha512-hlSxxI9XO2yQfe9g6msd3g4xCfDqK5T5P0fRMLuaLHhxn4ViPrm+a+MUfhrvH2W962RGxcBwEGzLQyjbDG1gng=="],

    "cbor-x": ["cbor-x@1.6.4", "", { "optionalDependencies": { "cbor-extract": "^2.2.2" } }, "sha512-UGKHjp6RHC6QuZ2yy5LCKm7MojM4716DwoSaqwQpaH4DvZvbBTGcoDNTiG9Y2lByXZYFEs9WRkS5tLl96IrF1Q=="],

    "debug": ["debug@4.4.3", "", { "dependencies": { "ms": "^2.1.3" } }, "sha512-RGwwWnwQvkVfavKVt22FGLw+xYSdzARwm0ru6DhTVA3umU5hZc28V3kO4stgYryrTlLpuvgI9GiijltAjNbcqA=="],

    "detect-libc": ["detect-libc@2.1.2", "", {}, "sha512-Btj2BOOO83o3WyH59e8MgXsxEQVcarkUOpEYrubB0urwnN10yQ364rsiByU11nZlqWYZm05i/of7io4mzihBtQ=="],

    "eventemitter3": ["eventemitter3@5.0.4", "", {}, "sha512-mlsTRyGaPBjPedk6Bvw+aqbsXDtoAyAzm5MO7JgU+yVRyMQ5O8bD4Kcci7BS85f93veegeCPkL8R4GLClnjLFw=="],

    "fast-sha256": ["fast-sha256@1.3.0", "", {}, "sha512-n11RGP/lrWEFI/bWdygLxhI+pVeo1ZYIVwvvPkW7azl/rOy+F3HYRZ2K5zeE9mmkhQppyv9sQFx0JM9UabnpPQ=="],

    "ms": ["ms@2.1.3", "", {}, "sha512-6FlzubTLZG3J2a/NVCAleEhjzq5oxgHyaCU9yYXvcLsvoVaHJq/s5xXI6/XXP6tz7R9xAOtHnSO/tXtF3WRTlA=="],

    "node-gyp-build-optional-packages": ["node-gyp-build-optional-packages@5.1.1", "", { "dependencies": { "detect-libc": "^2.0.1" }, "bin": { "node-gyp-build-optional-packages": "bin.js", "node-gyp-build-optional-packages-test": "build-test.js", "node-gyp-build-optional-packages-optional": "optional.js" } }, "sha512-+P72GAjVAbTxjjwUmwjVrqrdZROD4nf8KgpBoDxqXXTiYZZt/ud60dE5yvCSr9lRO8e8yv6kgJIC0K0PfZFVQw=="],

    "typescript": ["typescript@5.9.3", "", { "bin": { "tsc": "bin/tsc", "tsserver": "bin/tsserver" } }, "sha512-jl1vZzPDinLr9eUt3J/t7V6FgNEw9QjvBPdysz9KfQDD41fQrC2Y4vKQdiaUpFT4bXlb1RHhLpp8wtm6M5TgSw=="],

    "undici-types": ["undici-types@7.18.2", "", {}, "sha512-AsuCzffGHJybSaRrmr5eHr81mwJU3kjw6M+uprWvCXiNeN9SOGwQ3Jn8jb8m3Z6izVgknn1R0FTCEAP2QrLY/w=="],

    "uuid": ["uuid@9.0.1", "", { "bin": { "uuid": "dist/bin/uuid" } }, "sha512-b+1eJOlsR9K8HJpow9Ok3fiWOWSIcIzXodvv0rQjVoOVNpWMpxf1wZNpt4y9h10odCNrqnYp1OBzRktckBe3sA=="],

    "xstate": ["xstate@5.28.0", "", {}, "sha512-Iaqq6ZrUzqeUtA3hC5LQKZfR8ZLzEFTImMHJM3jWEdVvXWdKvvVLXZEiNQWm3SCA9ZbEou/n5rcsna1wb9t28A=="],
  }
}
